
Microsoft Visual Studio Solution File, Format Version 12.00
# Visual Studio Version 17
VisualStudioVersion = 17.8.34511.84
MinimumVisualStudioVersion = 10.0.40219.1
Project("{FAE04EC0-301F-11D3-BF4B-00C04F79EFBC}") = "Jennifer's-AudioManager", "Jennifer's-AudioManager\Jennifer's-AudioManager.csproj", "{A1A3CE5B-2D11-4450-9429-A970479E0B31}"
EndProject
Project("{FAE04EC0-301F-11D3-BF4B-00C04F79EFBC}") = "AudioManager", "AudioManager\AudioManager.csproj", "{14F750D9-5CE1-486B-8D4E-0D5027184308}"
EndProject
Global
	GlobalSection(SolutionConfigurationPlatforms) = preSolution
		Debug|Any CPU = Debug|Any CPU
		Release|Any CPU = Release|Any CPU
	EndGlobalSection
	GlobalSection(ProjectConfigurationPlatforms) = postSolution
		{A1A3CE5B-2D11-4450-9429-A970479E0B31}.Debug|Any CPU.ActiveCfg = Debug|Any CPU
		{A1A3CE5B-2D11-4450-9429-A970479E0B31}.Debug|Any CPU.Build.0 = Debug|Any CPU
		{A1A3CE5B-2D11-4450-9429-A970479E0B31}.Release|Any CPU.ActiveCfg = Release|Any CPU
		{A1A3CE5B-2D11-4450-9429-A970479E0B31}.Release|Any CPU.Build.0 = Release|Any CPU
		{14F750D9-5CE1-486B-8D4E-0D5027184308}.Debug|Any CPU.ActiveCfg = Debug|Any CPU
		{14F750D9-5CE1-486B-8D4E-0D5027184308}.Debug|Any CPU.Build.0 = Debug|Any CPU
		{14F750D9-5CE1-486B-8D4E-0D5027184308}.Release|Any CPU.ActiveCfg = Release|Any CPU
		{14F750D9-5CE1-486B-8D4E-0D5027184308}.Release|Any CPU.Build.0 = Release|Any CPU
	EndGlobalSection
	GlobalSection(SolutionProperties) = preSolution
		HideSolutionNode = FALSE
	EndGlobalSection
	GlobalSection(ExtensibilityGlobals) = postSolution
		SolutionGuid = {4036F0FA-6523-4FBD-BB9C-97424212AB17}
	EndGlobalSection
EndGlobal
