
Microsoft Visual Studio Solution File, Format Version 12.00
# Visual Studio Version 17
VisualStudioVersion = 17.8.34511.84
MinimumVisualStudioVersion = 10.0.40219.1
Project("{FAE04EC0-301F-11D3-BF4B-00C04F79EFBC}") = "DataTypes", "DataTypes\DataTypes.csproj", "{2366906E-2C89-4C6F-8CE0-615AA9600D30}"
EndProject
Project("{FAE04EC0-301F-11D3-BF4B-00C04F79EFBC}") = "DataTypes.Web", "DataTypes.Web\DataTypes.Web.csproj", "{F164D1CD-D15D-4D51-A6E3-100533AE90E6}"
EndProject
Global
	GlobalSection(SolutionConfigurationPlatforms) = preSolution
		Debug|Any CPU = Debug|Any CPU
		Release|Any CPU = Release|Any CPU
	EndGlobalSection
	GlobalSection(ProjectConfigurationPlatforms) = postSolution
		{2366906E-2C89-4C6F-8CE0-615AA9600D30}.Debug|Any CPU.ActiveCfg = Debug|Any CPU
		{2366906E-2C89-4C6F-8CE0-615AA9600D30}.Debug|Any CPU.Build.0 = Debug|Any CPU
		{2366906E-2C89-4C6F-8CE0-615AA9600D30}.Release|Any CPU.ActiveCfg = Release|Any CPU
		{2366906E-2C89-4C6F-8CE0-615AA9600D30}.Release|Any CPU.Build.0 = Release|Any CPU
		{F164D1CD-D15D-4D51-A6E3-100533AE90E6}.Debug|Any CPU.ActiveCfg = Debug|Any CPU
		{F164D1CD-D15D-4D51-A6E3-100533AE90E6}.Debug|Any CPU.Build.0 = Debug|Any CPU
		{F164D1CD-D15D-4D51-A6E3-100533AE90E6}.Release|Any CPU.ActiveCfg = Release|Any CPU
		{F164D1CD-D15D-4D51-A6E3-100533AE90E6}.Release|Any CPU.Build.0 = Release|Any CPU
	EndGlobalSection
	GlobalSection(SolutionProperties) = preSolution
		HideSolutionNode = FALSE
	EndGlobalSection
	GlobalSection(ExtensibilityGlobals) = postSolution
		SolutionGuid = {D37A6EF0-59DE-424F-B5EF-4D0E82259FCE}
	EndGlobalSection
EndGlobal
