
Microsoft Visual Studio Solution File, Format Version 12.00
# Visual Studio Version 17
VisualStudioVersion = 17.8.34511.84
MinimumVisualStudioVersion = 10.0.40219.1
Project("{FAE04EC0-301F-11D3-BF4B-00C04F79EFBC}") = "OOP.ConsoleExample", "OOP.ConsoleExample\OOP.ConsoleExample.csproj", "{A8BDADD4-22F2-4672-9C25-CE69C4F39071}"
EndProject
Project("{FAE04EC0-301F-11D3-BF4B-00C04F79EFBC}") = "AudioManager", "AudioManager\AudioManager.csproj", "{664808B7-6031-47A1-BEAD-D0638CB51AE2}"
EndProject
Global
	GlobalSection(SolutionConfigurationPlatforms) = preSolution
		Debug|Any CPU = Debug|Any CPU
		Release|Any CPU = Release|Any CPU
	EndGlobalSection
	GlobalSection(ProjectConfigurationPlatforms) = postSolution
		{A8BDADD4-22F2-4672-9C25-CE69C4F39071}.Debug|Any CPU.ActiveCfg = Debug|Any CPU
		{A8BDADD4-22F2-4672-9C25-CE69C4F39071}.Debug|Any CPU.Build.0 = Debug|Any CPU
		{A8BDADD4-22F2-4672-9C25-CE69C4F39071}.Release|Any CPU.ActiveCfg = Release|Any CPU
		{A8BDADD4-22F2-4672-9C25-CE69C4F39071}.Release|Any CPU.Build.0 = Release|Any CPU
		{664808B7-6031-47A1-BEAD-D0638CB51AE2}.Debug|Any CPU.ActiveCfg = Debug|Any CPU
		{664808B7-6031-47A1-BEAD-D0638CB51AE2}.Debug|Any CPU.Build.0 = Debug|Any CPU
		{664808B7-6031-47A1-BEAD-D0638CB51AE2}.Release|Any CPU.ActiveCfg = Release|Any CPU
		{664808B7-6031-47A1-BEAD-D0638CB51AE2}.Release|Any CPU.Build.0 = Release|Any CPU
	EndGlobalSection
	GlobalSection(SolutionProperties) = preSolution
		HideSolutionNode = FALSE
	EndGlobalSection
	GlobalSection(ExtensibilityGlobals) = postSolution
		SolutionGuid = {B8423D00-F08A-4F7E-BA21-6877E0B19739}
	EndGlobalSection
EndGlobal
